// !$*UTF8*$!
{
	archiveVersion = 1;
	classes = {
	};
	objectVersion = 55;
	objects = {

/* Begin PBXBuildFile section */
		5D116F0A27330E81008279E0 /* MovesList.swift in Sources */ = {isa = PBXBuildFile; fileRef = 5D116F0927330E81008279E0 /* MovesList.swift */; };
		5D1DD9EB273EBF950027ABA2 /* HelpfulPuffVids.swift in Sources */ = {isa = PBXBuildFile; fileRef = 5D1DD9EA273EBF950027ABA2 /* HelpfulPuffVids.swift */; };
		5D68CD8027383C7800CADF61 /* UpThrowKillPercents.swift in Sources */ = {isa = PBXBuildFile; fileRef = 5D68CD7F27383C7800CADF61 /* UpThrowKillPercents.swift */; };
		5D68CD8227383F1400CADF61 /* KillPercentsTab.swift in Sources */ = {isa = PBXBuildFile; fileRef = 5D68CD8127383F1400CADF61 /* KillPercentsTab.swift */; };
		5D68CDC12738721800CADF61 /* DTilt.gif in Resources */ = {isa = PBXBuildFile; fileRef = 5D68CDA82738721700CADF61 /* DTilt.gif */; };
		5D68CDC22738721800CADF61 /* FTilt.gif in Resources */ = {isa = PBXBuildFile; fileRef = 5D68CDA92738721700CADF61 /* FTilt.gif */; };
		5D68CDC32738721800CADF61 /* NSpecial.gif in Resources */ = {isa = PBXBuildFile; fileRef = 5D68CDAA2738721700CADF61 /* NSpecial.gif */; };
		5D68CDC42738721800CADF61 /* NAir.gif in Resources */ = {isa = PBXBuildFile; fileRef = 5D68CDAB2738721700CADF61 /* NAir.gif */; };
		5D68CDC52738721800CADF61 /* FSmash.gif in Resources */ = {isa = PBXBuildFile; fileRef = 5D68CDAC2738721700CADF61 /* FSmash.gif */; };
		5D68CDC62738721800CADF61 /* DAir.gif in Resources */ = {isa = PBXBuildFile; fileRef = 5D68CDAD2738721700CADF61 /* DAir.gif */; };
		5D68CDC72738721800CADF61 /* UAir.gif in Resources */ = {isa = PBXBuildFile; fileRef = 5D68CDAE2738721700CADF61 /* UAir.gif */; };
		5D68CDC82738721800CADF61 /* USpecial.gif in Resources */ = {isa = PBXBuildFile; fileRef = 5D68CDAF2738721800CADF61 /* USpecial.gif */; };
		5D68CDC92738721800CADF61 /* DSpecial.gif in Resources */ = {isa = PBXBuildFile; fileRef = 5D68CDB02738721800CADF61 /* DSpecial.gif */; };
		5D68CDCA2738721800CADF61 /* DThrow.gif in Resources */ = {isa = PBXBuildFile; fileRef = 5D68CDB12738721800CADF61 /* DThrow.gif */; };
		5D68CDCB2738721800CADF61 /* Grab.gif in Resources */ = {isa = PBXBuildFile; fileRef = 5D68CDB22738721800CADF61 /* Grab.gif */; };
		5D68CDCC2738721800CADF61 /* FThrow.gif in Resources */ = {isa = PBXBuildFile; fileRef = 5D68CDB32738721800CADF61 /* FThrow.gif */; };
		5D68CDCD2738721800CADF61 /* DSmash.gif in Resources */ = {isa = PBXBuildFile; fileRef = 5D68CDB42738721800CADF61 /* DSmash.gif */; };
		5D68CDCE2738721800CADF61 /* BThrow.gif in Resources */ = {isa = PBXBuildFile; fileRef = 5D68CDB52738721800CADF61 /* BThrow.gif */; };
		5D68CDCF2738721800CADF61 /* BAir.gif in Resources */ = {isa = PBXBuildFile; fileRef = 5D68CDB62738721800CADF61 /* BAir.gif */; };
		5D68CDD02738721800CADF61 /* FAir.gif in Resources */ = {isa = PBXBuildFile; fileRef = 5D68CDB72738721800CADF61 /* FAir.gif */; };
		5D68CDD12738721800CADF61 /* DashGrab.gif in Resources */ = {isa = PBXBuildFile; fileRef = 5D68CDB82738721800CADF61 /* DashGrab.gif */; };
		5D68CDD22738721800CADF61 /* USmash.gif in Resources */ = {isa = PBXBuildFile; fileRef = 5D68CDB92738721800CADF61 /* USmash.gif */; };
		5D68CDD32738721800CADF61 /* Pummel.gif in Resources */ = {isa = PBXBuildFile; fileRef = 5D68CDBA2738721800CADF61 /* Pummel.gif */; };
		5D68CDD42738721800CADF61 /* DashAttack.gif in Resources */ = {isa = PBXBuildFile; fileRef = 5D68CDBB2738721800CADF61 /* DashAttack.gif */; };
		5D68CDD52738721800CADF61 /* Jab1.gif in Resources */ = {isa = PBXBuildFile; fileRef = 5D68CDBC2738721800CADF61 /* Jab1.gif */; };
		5D68CDD62738721800CADF61 /* UThrow.gif in Resources */ = {isa = PBXBuildFile; fileRef = 5D68CDBD2738721800CADF61 /* UThrow.gif */; };
		5D68CDD72738721800CADF61 /* SSpecial.gif in Resources */ = {isa = PBXBuildFile; fileRef = 5D68CDBE2738721800CADF61 /* SSpecial.gif */; };
		5D68CDD82738721800CADF61 /* Jab2.gif in Resources */ = {isa = PBXBuildFile; fileRef = 5D68CDBF2738721800CADF61 /* Jab2.gif */; };
		5D68CDD92738721800CADF61 /* UTilt.gif in Resources */ = {isa = PBXBuildFile; fileRef = 5D68CDC02738721800CADF61 /* UTilt.gif */; };
		5D68CDDB273874E600CADF61 /* PivotGrab.gif in Resources */ = {isa = PBXBuildFile; fileRef = 5D68CDDA273874E600CADF61 /* PivotGrab.gif */; };
		5D7D4FD1272F3E0A006C436E /* JigglyPuffAppApp.swift in Sources */ = {isa = PBXBuildFile; fileRef = 5D7D4FD0272F3E0A006C436E /* JigglyPuffAppApp.swift */; };
		5D7D4FD3272F3E0A006C436E /* MoveCard.swift in Sources */ = {isa = PBXBuildFile; fileRef = 5D7D4FD2272F3E0A006C436E /* MoveCard.swift */; };
		5D7D4FD5272F3E0C006C436E /* Assets.xcassets in Resources */ = {isa = PBXBuildFile; fileRef = 5D7D4FD4272F3E0C006C436E /* Assets.xcassets */; };
		5D7D4FD8272F3E0C006C436E /* Preview Assets.xcassets in Resources */ = {isa = PBXBuildFile; fileRef = 5D7D4FD7272F3E0C006C436E /* Preview Assets.xcassets */; };
		5D7D501B272F4045006C436E /* GifImageView.swift in Sources */ = {isa = PBXBuildFile; fileRef = 5D7D501A272F4045006C436E /* GifImageView.swift */; };
		5D7D501D272F4BB3006C436E /* MoveData.swift in Sources */ = {isa = PBXBuildFile; fileRef = 5D7D501C272F4BB3006C436E /* MoveData.swift */; };
		5D7D501F272F4EF7006C436E /* MoveViewModel.swift in Sources */ = {isa = PBXBuildFile; fileRef = 5D7D501E272F4EF7006C436E /* MoveViewModel.swift */; };
		5D7DF9252735F80F000510FD /* MainView.swift in Sources */ = {isa = PBXBuildFile; fileRef = 5D7DF9242735F80F000510FD /* MainView.swift */; };
		5D7DF92727360CE4000510FD /* RestData.swift in Sources */ = {isa = PBXBuildFile; fileRef = 5D7DF92627360CE4000510FD /* RestData.swift */; };
		5D7DF929273614B5000510FD /* RestViewModel.swift in Sources */ = {isa = PBXBuildFile; fileRef = 5D7DF928273614B5000510FD /* RestViewModel.swift */; };
		5D7DF92B273617B8000510FD /* RestKillView.swift in Sources */ = {isa = PBXBuildFile; fileRef = 5D7DF92A273617B8000510FD /* RestKillView.swift */; };
		5D7DF92D273619FB000510FD /* RestPercentGrid.swift in Sources */ = {isa = PBXBuildFile; fileRef = 5D7DF92C273619FB000510FD /* RestPercentGrid.swift */; };
		5D99AB64274D636B00865C1E /* txtViewMaybe.swift in Sources */ = {isa = PBXBuildFile; fileRef = 5D99AB63274D636B00865C1E /* txtViewMaybe.swift */; };
		5D99AB66274D703200865C1E /* PuffDoc.rtf in Resources */ = {isa = PBXBuildFile; fileRef = 5D99AB65274D703200865C1E /* PuffDoc.rtf */; };
		5D99AB682750200D00865C1E /* PuffDocv3.txt in Resources */ = {isa = PBXBuildFile; fileRef = 5D99AB672750200D00865C1E /* PuffDocv3.txt */; };
		5DD37AA12730A7C800E256E4 /* DetailView.swift in Sources */ = {isa = PBXBuildFile; fileRef = 5DD37AA02730A7C800E256E4 /* DetailView.swift */; };
		5DD43C75273EBC9300F340FA /* PuffVidView.swift in Sources */ = {isa = PBXBuildFile; fileRef = 5DD43C74273EBC9300F340FA /* PuffVidView.swift */; };
/* End PBXBuildFile section */

/* Begin PBXFileReference section */
		5D116F0927330E81008279E0 /* MovesList.swift */ = {isa = PBXFileReference; lastKnownFileType = sourcecode.swift; path = MovesList.swift; sourceTree = "<group>"; };
		5D1DD9EA273EBF950027ABA2 /* HelpfulPuffVids.swift */ = {isa = PBXFileReference; lastKnownFileType = sourcecode.swift; path = HelpfulPuffVids.swift; sourceTree = "<group>"; };
		5D68CD7F27383C7800CADF61 /* UpThrowKillPercents.swift */ = {isa = PBXFileReference; lastKnownFileType = sourcecode.swift; path = UpThrowKillPercents.swift; sourceTree = "<group>"; };
		5D68CD8127383F1400CADF61 /* KillPercentsTab.swift */ = {isa = PBXFileReference; lastKnownFileType = sourcecode.swift; path = KillPercentsTab.swift; sourceTree = "<group>"; };
		5D68CDA82738721700CADF61 /* DTilt.gif */ = {isa = PBXFileReference; lastKnownFileType = image.gif; path = DTilt.gif; sourceTree = "<group>"; };
		5D68CDA92738721700CADF61 /* FTilt.gif */ = {isa = PBXFileReference; lastKnownFileType = image.gif; path = FTilt.gif; sourceTree = "<group>"; };
		5D68CDAA2738721700CADF61 /* NSpecial.gif */ = {isa = PBXFileReference; lastKnownFileType = image.gif; path = NSpecial.gif; sourceTree = "<group>"; };
		5D68CDAB2738721700CADF61 /* NAir.gif */ = {isa = PBXFileReference; lastKnownFileType = image.gif; path = NAir.gif; sourceTree = "<group>"; };
		5D68CDAC2738721700CADF61 /* FSmash.gif */ = {isa = PBXFileReference; lastKnownFileType = image.gif; path = FSmash.gif; sourceTree = "<group>"; };
		5D68CDAD2738721700CADF61 /* DAir.gif */ = {isa = PBXFileReference; lastKnownFileType = image.gif; path = DAir.gif; sourceTree = "<group>"; };
		5D68CDAE2738721700CADF61 /* UAir.gif */ = {isa = PBXFileReference; lastKnownFileType = image.gif; path = UAir.gif; sourceTree = "<group>"; };
		5D68CDAF2738721800CADF61 /* USpecial.gif */ = {isa = PBXFileReference; lastKnownFileType = image.gif; path = USpecial.gif; sourceTree = "<group>"; };
		5D68CDB02738721800CADF61 /* DSpecial.gif */ = {isa = PBXFileReference; lastKnownFileType = image.gif; path = DSpecial.gif; sourceTree = "<group>"; };
		5D68CDB12738721800CADF61 /* DThrow.gif */ = {isa = PBXFileReference; lastKnownFileType = image.gif; path = DThrow.gif; sourceTree = "<group>"; };
		5D68CDB22738721800CADF61 /* Grab.gif */ = {isa = PBXFileReference; lastKnownFileType = image.gif; path = Grab.gif; sourceTree = "<group>"; };
		5D68CDB32738721800CADF61 /* FThrow.gif */ = {isa = PBXFileReference; lastKnownFileType = image.gif; path = FThrow.gif; sourceTree = "<group>"; };
		5D68CDB42738721800CADF61 /* DSmash.gif */ = {isa = PBXFileReference; lastKnownFileType = image.gif; path = DSmash.gif; sourceTree = "<group>"; };
		5D68CDB52738721800CADF61 /* BThrow.gif */ = {isa = PBXFileReference; lastKnownFileType = image.gif; path = BThrow.gif; sourceTree = "<group>"; };
		5D68CDB62738721800CADF61 /* BAir.gif */ = {isa = PBXFileReference; lastKnownFileType = image.gif; path = BAir.gif; sourceTree = "<group>"; };
		5D68CDB72738721800CADF61 /* FAir.gif */ = {isa = PBXFileReference; lastKnownFileType = image.gif; path = FAir.gif; sourceTree = "<group>"; };
		5D68CDB82738721800CADF61 /* DashGrab.gif */ = {isa = PBXFileReference; lastKnownFileType = image.gif; path = DashGrab.gif; sourceTree = "<group>"; };
		5D68CDB92738721800CADF61 /* USmash.gif */ = {isa = PBXFileReference; lastKnownFileType = image.gif; path = USmash.gif; sourceTree = "<group>"; };
		5D68CDBA2738721800CADF61 /* Pummel.gif */ = {isa = PBXFileReference; lastKnownFileType = image.gif; path = Pummel.gif; sourceTree = "<group>"; };
		5D68CDBB2738721800CADF61 /* DashAttack.gif */ = {isa = PBXFileReference; lastKnownFileType = image.gif; path = DashAttack.gif; sourceTree = "<group>"; };
		5D68CDBC2738721800CADF61 /* Jab1.gif */ = {isa = PBXFileReference; lastKnownFileType = image.gif; path = Jab1.gif; sourceTree = "<group>"; };
		5D68CDBD2738721800CADF61 /* UThrow.gif */ = {isa = PBXFileReference; lastKnownFileType = image.gif; path = UThrow.gif; sourceTree = "<group>"; };
		5D68CDBE2738721800CADF61 /* SSpecial.gif */ = {isa = PBXFileReference; lastKnownFileType = image.gif; path = SSpecial.gif; sourceTree = "<group>"; };
		5D68CDBF2738721800CADF61 /* Jab2.gif */ = {isa = PBXFileReference; lastKnownFileType = image.gif; path = Jab2.gif; sourceTree = "<group>"; };
		5D68CDC02738721800CADF61 /* UTilt.gif */ = {isa = PBXFileReference; lastKnownFileType = image.gif; path = UTilt.gif; sourceTree = "<group>"; };
		5D68CDDA273874E600CADF61 /* PivotGrab.gif */ = {isa = PBXFileReference; lastKnownFileType = image.gif; path = PivotGrab.gif; sourceTree = "<group>"; };
		5D7D4FCD272F3E0A006C436E /* JigglyPuffApp.app */ = {isa = PBXFileReference; explicitFileType = wrapper.application; includeInIndex = 0; path = JigglyPuffApp.app; sourceTree = BUILT_PRODUCTS_DIR; };
		5D7D4FD0272F3E0A006C436E /* JigglyPuffAppApp.swift */ = {isa = PBXFileReference; lastKnownFileType = sourcecode.swift; path = JigglyPuffAppApp.swift; sourceTree = "<group>"; };
		5D7D4FD2272F3E0A006C436E /* MoveCard.swift */ = {isa = PBXFileReference; lastKnownFileType = sourcecode.swift; path = MoveCard.swift; sourceTree = "<group>"; };
		5D7D4FD4272F3E0C006C436E /* Assets.xcassets */ = {isa = PBXFileReference; lastKnownFileType = folder.assetcatalog; path = Assets.xcassets; sourceTree = "<group>"; };
		5D7D4FD7272F3E0C006C436E /* Preview Assets.xcassets */ = {isa = PBXFileReference; lastKnownFileType = folder.assetcatalog; path = "Preview Assets.xcassets"; sourceTree = "<group>"; };
		5D7D501A272F4045006C436E /* GifImageView.swift */ = {isa = PBXFileReference; lastKnownFileType = sourcecode.swift; path = GifImageView.swift; sourceTree = "<group>"; };
		5D7D501C272F4BB3006C436E /* MoveData.swift */ = {isa = PBXFileReference; lastKnownFileType = sourcecode.swift; path = MoveData.swift; sourceTree = "<group>"; };
		5D7D501E272F4EF7006C436E /* MoveViewModel.swift */ = {isa = PBXFileReference; lastKnownFileType = sourcecode.swift; path = MoveViewModel.swift; sourceTree = "<group>"; };
		5D7DF9242735F80F000510FD /* MainView.swift */ = {isa = PBXFileReference; lastKnownFileType = sourcecode.swift; path = MainView.swift; sourceTree = "<group>"; };
		5D7DF92627360CE4000510FD /* RestData.swift */ = {isa = PBXFileReference; lastKnownFileType = sourcecode.swift; path = RestData.swift; sourceTree = "<group>"; };
		5D7DF928273614B5000510FD /* RestViewModel.swift */ = {isa = PBXFileReference; lastKnownFileType = sourcecode.swift; path = RestViewModel.swift; sourceTree = "<group>"; };
		5D7DF92A273617B8000510FD /* RestKillView.swift */ = {isa = PBXFileReference; lastKnownFileType = sourcecode.swift; path = RestKillView.swift; sourceTree = "<group>"; };
		5D7DF92C273619FB000510FD /* RestPercentGrid.swift */ = {isa = PBXFileReference; lastKnownFileType = sourcecode.swift; path = RestPercentGrid.swift; sourceTree = "<group>"; };
		5D99AB63274D636B00865C1E /* txtViewMaybe.swift */ = {isa = PBXFileReference; lastKnownFileType = sourcecode.swift; path = txtViewMaybe.swift; sourceTree = "<group>"; };
		5D99AB65274D703200865C1E /* PuffDoc.rtf */ = {isa = PBXFileReference; fileEncoding = 4; lastKnownFileType = text.rtf; path = PuffDoc.rtf; sourceTree = "<group>"; };
		5D99AB672750200D00865C1E /* PuffDocv3.txt */ = {isa = PBXFileReference; fileEncoding = 4; lastKnownFileType = text; path = PuffDocv3.txt; sourceTree = "<group>"; };
		5DD37AA02730A7C800E256E4 /* DetailView.swift */ = {isa = PBXFileReference; lastKnownFileType = sourcecode.swift; path = DetailView.swift; sourceTree = "<group>"; };
		5DD43C74273EBC9300F340FA /* PuffVidView.swift */ = {isa = PBXFileReference; lastKnownFileType = sourcecode.swift; path = PuffVidView.swift; sourceTree = "<group>"; };
/* End PBXFileReference section */

/* Begin PBXFrameworksBuildPhase section */
		5D7D4FCA272F3E0A006C436E /* Frameworks */ = {
			isa = PBXFrameworksBuildPhase;
			buildActionMask = 2147483647;
			files = (
			);
			runOnlyForDeploymentPostprocessing = 0;
		};
/* End PBXFrameworksBuildPhase section */

/* Begin PBXGroup section */
		5D7D4FC4272F3E0A006C436E = {
			isa = PBXGroup;
			children = (
				5D7D4FCF272F3E0A006C436E /* JigglyPuffApp */,
				5D7D4FCE272F3E0A006C436E /* Products */,
			);
			sourceTree = "<group>";
		};
		5D7D4FCE272F3E0A006C436E /* Products */ = {
			isa = PBXGroup;
			children = (
				5D7D4FCD272F3E0A006C436E /* JigglyPuffApp.app */,
			);
			name = Products;
			sourceTree = "<group>";
		};
		5D7D4FCF272F3E0A006C436E /* JigglyPuffApp */ = {
			isa = PBXGroup;
			children = (
				5D7D5019272F3F62006C436E /* ViewModel */,
				5D7D5018272F3F55006C436E /* Model */,
				5D7D5017272F3F4B006C436E /* View */,
				5D7D4FDE272F3E70006C436E /* PuffGifs */,
				5D7D4FD0272F3E0A006C436E /* JigglyPuffAppApp.swift */,
				5D7D4FD4272F3E0C006C436E /* Assets.xcassets */,
				5D7D4FD6272F3E0C006C436E /* Preview Content */,
			);
			path = JigglyPuffApp;
			sourceTree = "<group>";
		};
		5D7D4FD6272F3E0C006C436E /* Preview Content */ = {
			isa = PBXGroup;
			children = (
				5D7D4FD7272F3E0C006C436E /* Preview Assets.xcassets */,
			);
			path = "Preview Content";
			sourceTree = "<group>";
		};
		5D7D4FDE272F3E70006C436E /* PuffGifs */ = {
			isa = PBXGroup;
			children = (
				5D68CDDA273874E600CADF61 /* PivotGrab.gif */,
				5D68CDB62738721800CADF61 /* BAir.gif */,
				5D68CDB52738721800CADF61 /* BThrow.gif */,
				5D68CDAD2738721700CADF61 /* DAir.gif */,
				5D68CDBB2738721800CADF61 /* DashAttack.gif */,
				5D68CDB82738721800CADF61 /* DashGrab.gif */,
				5D68CDB42738721800CADF61 /* DSmash.gif */,
				5D68CDB02738721800CADF61 /* DSpecial.gif */,
				5D68CDB12738721800CADF61 /* DThrow.gif */,
				5D68CDA82738721700CADF61 /* DTilt.gif */,
				5D68CDB72738721800CADF61 /* FAir.gif */,
				5D68CDAC2738721700CADF61 /* FSmash.gif */,
				5D68CDB32738721800CADF61 /* FThrow.gif */,
				5D68CDA92738721700CADF61 /* FTilt.gif */,
				5D68CDB22738721800CADF61 /* Grab.gif */,
				5D68CDBC2738721800CADF61 /* Jab1.gif */,
				5D68CDBF2738721800CADF61 /* Jab2.gif */,
				5D68CDAB2738721700CADF61 /* NAir.gif */,
				5D68CDAA2738721700CADF61 /* NSpecial.gif */,
				5D68CDBA2738721800CADF61 /* Pummel.gif */,
				5D68CDBE2738721800CADF61 /* SSpecial.gif */,
				5D68CDAE2738721700CADF61 /* UAir.gif */,
				5D68CDB92738721800CADF61 /* USmash.gif */,
				5D68CDAF2738721800CADF61 /* USpecial.gif */,
				5D68CDBD2738721800CADF61 /* UThrow.gif */,
				5D68CDC02738721800CADF61 /* UTilt.gif */,
			);
			path = PuffGifs;
			sourceTree = "<group>";
		};
		5D7D5017272F3F4B006C436E /* View */ = {
			isa = PBXGroup;
			children = (
				5D99AB672750200D00865C1E /* PuffDocv3.txt */,
				5D99AB65274D703200865C1E /* PuffDoc.rtf */,
				5D116F0927330E81008279E0 /* MovesList.swift */,
				5D7DF92A273617B8000510FD /* RestKillView.swift */,
				5D7DF92C273619FB000510FD /* RestPercentGrid.swift */,
				5D7D501A272F4045006C436E /* GifImageView.swift */,
				5D7D4FD2272F3E0A006C436E /* MoveCard.swift */,
				5DD37AA02730A7C800E256E4 /* DetailView.swift */,
				5D7DF9242735F80F000510FD /* MainView.swift */,
				5D68CD7F27383C7800CADF61 /* UpThrowKillPercents.swift */,
				5D68CD8127383F1400CADF61 /* KillPercentsTab.swift */,
				5D1DD9EA273EBF950027ABA2 /* HelpfulPuffVids.swift */,
				5D99AB63274D636B00865C1E /* txtViewMaybe.swift */,
			);
			path = View;
			sourceTree = "<group>";
		};
		5D7D5018272F3F55006C436E /* Model */ = {
			isa = PBXGroup;
			children = (
				5D7D501C272F4BB3006C436E /* MoveData.swift */,
				5D7DF92627360CE4000510FD /* RestData.swift */,
				5DD43C74273EBC9300F340FA /* PuffVidView.swift */,
			);
			path = Model;
			sourceTree = "<group>";
		};
		5D7D5019272F3F62006C436E /* ViewModel */ = {
			isa = PBXGroup;
			children = (
				5D7D501E272F4EF7006C436E /* MoveViewModel.swift */,
				5D7DF928273614B5000510FD /* RestViewModel.swift */,
			);
			path = ViewModel;
			sourceTree = "<group>";
		};
/* End PBXGroup section */

/* Begin PBXNativeTarget section */
		5D7D4FCC272F3E0A006C436E /* JigglyPuffApp */ = {
			isa = PBXNativeTarget;
			buildConfigurationList = 5D7D4FDB272F3E0C006C436E /* Build configuration list for PBXNativeTarget "JigglyPuffApp" */;
			buildPhases = (
				5D7D4FC9272F3E0A006C436E /* Sources */,
				5D7D4FCA272F3E0A006C436E /* Frameworks */,
				5D7D4FCB272F3E0A006C436E /* Resources */,
			);
			buildRules = (
			);
			dependencies = (
			);
			name = JigglyPuffApp;
			productName = JigglyPuffApp;
			productReference = 5D7D4FCD272F3E0A006C436E /* JigglyPuffApp.app */;
			productType = "com.apple.product-type.application";
		};
/* End PBXNativeTarget section */

/* Begin PBXProject section */
		5D7D4FC5272F3E0A006C436E /* Project object */ = {
			isa = PBXProject;
			attributes = {
				BuildIndependentTargetsInParallel = 1;
				LastSwiftUpdateCheck = 1310;
				LastUpgradeCheck = 1310;
				TargetAttributes = {
					5D7D4FCC272F3E0A006C436E = {
						CreatedOnToolsVersion = 13.1;
					};
				};
			};
			buildConfigurationList = 5D7D4FC8272F3E0A006C436E /* Build configuration list for PBXProject "JigglyPuffApp" */;
			compatibilityVersion = "Xcode 13.0";
			developmentRegion = en;
			hasScannedForEncodings = 0;
			knownRegions = (
				en,
				Base,
			);
			mainGroup = 5D7D4FC4272F3E0A006C436E;
			productRefGroup = 5D7D4FCE272F3E0A006C436E /* Products */;
			projectDirPath = "";
			projectRoot = "";
			targets = (
				5D7D4FCC272F3E0A006C436E /* JigglyPuffApp */,
			);
		};
/* End PBXProject section */

/* Begin PBXResourcesBuildPhase section */
		5D7D4FCB272F3E0A006C436E /* Resources */ = {
			isa = PBXResourcesBuildPhase;
			buildActionMask = 2147483647;
			files = (
				5D68CDC52738721800CADF61 /* FSmash.gif in Resources */,
				5D68CDC32738721800CADF61 /* NSpecial.gif in Resources */,
				5D68CDC22738721800CADF61 /* FTilt.gif in Resources */,
				5D68CDCB2738721800CADF61 /* Grab.gif in Resources */,
				5D68CDD72738721800CADF61 /* SSpecial.gif in Resources */,
				5D68CDCE2738721800CADF61 /* BThrow.gif in Resources */,
				5D68CDC92738721800CADF61 /* DSpecial.gif in Resources */,
				5D68CDC42738721800CADF61 /* NAir.gif in Resources */,
				5D68CDCC2738721800CADF61 /* FThrow.gif in Resources */,
				5D99AB682750200D00865C1E /* PuffDocv3.txt in Resources */,
				5D68CDC62738721800CADF61 /* DAir.gif in Resources */,
				5D68CDD32738721800CADF61 /* Pummel.gif in Resources */,
				5D68CDD92738721800CADF61 /* UTilt.gif in Resources */,
				5D68CDCF2738721800CADF61 /* BAir.gif in Resources */,
				5D68CDD52738721800CADF61 /* Jab1.gif in Resources */,
				5D68CDD12738721800CADF61 /* DashGrab.gif in Resources */,
				5D68CDD22738721800CADF61 /* USmash.gif in Resources */,
				5D68CDCA2738721800CADF61 /* DThrow.gif in Resources */,
				5D68CDD62738721800CADF61 /* UThrow.gif in Resources */,
				5D68CDC72738721800CADF61 /* UAir.gif in Resources */,
				5D68CDDB273874E600CADF61 /* PivotGrab.gif in Resources */,
				5D68CDC82738721800CADF61 /* USpecial.gif in Resources */,
				5D68CDCD2738721800CADF61 /* DSmash.gif in Resources */,
				5D68CDD02738721800CADF61 /* FAir.gif in Resources */,
				5D68CDD82738721800CADF61 /* Jab2.gif in Resources */,
				5D68CDD42738721800CADF61 /* DashAttack.gif in Resources */,
				5D68CDC12738721800CADF61 /* DTilt.gif in Resources */,
				5D7D4FD8272F3E0C006C436E /* Preview Assets.xcassets in Resources */,
				5D99AB66274D703200865C1E /* PuffDoc.rtf in Resources */,
				5D7D4FD5272F3E0C006C436E /* Assets.xcassets in Resources */,
			);
			runOnlyForDeploymentPostprocessing = 0;
		};
/* End PBXResourcesBuildPhase section */

/* Begin PBXSourcesBuildPhase section */
		5D7D4FC9272F3E0A006C436E /* Sources */ = {
			isa = PBXSourcesBuildPhase;
			buildActionMask = 2147483647;
			files = (
				5D7D501D272F4BB3006C436E /* MoveData.swift in Sources */,
				5D7DF92B273617B8000510FD /* RestKillView.swift in Sources */,
				5DD37AA12730A7C800E256E4 /* DetailView.swift in Sources */,
				5D7DF929273614B5000510FD /* RestViewModel.swift in Sources */,
				5D68CD8027383C7800CADF61 /* UpThrowKillPercents.swift in Sources */,
				5D1DD9EB273EBF950027ABA2 /* HelpfulPuffVids.swift in Sources */,
				5D7DF9252735F80F000510FD /* MainView.swift in Sources */,
				5D99AB64274D636B00865C1E /* txtViewMaybe.swift in Sources */,
				5D7DF92D273619FB000510FD /* RestPercentGrid.swift in Sources */,
				5D7DF92727360CE4000510FD /* RestData.swift in Sources */,
				5D116F0A27330E81008279E0 /* MovesList.swift in Sources */,
				5D7D501B272F4045006C436E /* GifImageView.swift in Sources */,
				5DD43C75273EBC9300F340FA /* PuffVidView.swift in Sources */,
				5D7D4FD3272F3E0A006C436E /* MoveCard.swift in Sources */,
				5D7D501F272F4EF7006C436E /* MoveViewModel.swift in Sources */,
				5D7D4FD1272F3E0A006C436E /* JigglyPuffAppApp.swift in Sources */,
				5D68CD8227383F1400CADF61 /* KillPercentsTab.swift in Sources */,
			);
			runOnlyForDeploymentPostprocessing = 0;
		};
/* End PBXSourcesBuildPhase section */

/* Begin XCBuildConfiguration section */
		5D7D4FD9272F3E0C006C436E /* Debug */ = {
			isa = XCBuildConfiguration;
			buildSettings = {
				ALWAYS_SEARCH_USER_PATHS = NO;
				CLANG_ANALYZER_NONNULL = YES;
				CLANG_ANALYZER_NUMBER_OBJECT_CONVERSION = YES_AGGRESSIVE;
				CLANG_CXX_LANGUAGE_STANDARD = "gnu++17";
				CLANG_CXX_LIBRARY = "libc++";
				CLANG_ENABLE_MODULES = YES;
				CLANG_ENABLE_OBJC_ARC = YES;
				CLANG_ENABLE_OBJC_WEAK = YES;
				CLANG_WARN_BLOCK_CAPTURE_AUTORELEASING = YES;
				CLANG_WARN_BOOL_CONVERSION = YES;
				CLANG_WARN_COMMA = YES;
				CLANG_WARN_CONSTANT_CONVERSION = YES;
				CLANG_WARN_DEPRECATED_OBJC_IMPLEMENTATIONS = YES;
				CLANG_WARN_DIRECT_OBJC_ISA_USAGE = YES_ERROR;
				CLANG_WARN_DOCUMENTATION_COMMENTS = YES;
				CLANG_WARN_EMPTY_BODY = YES;
				CLANG_WARN_ENUM_CONVERSION = YES;
				CLANG_WARN_INFINITE_RECURSION = YES;
				CLANG_WARN_INT_CONVERSION = YES;
				CLANG_WARN_NON_LITERAL_NULL_CONVERSION = YES;
				CLANG_WARN_OBJC_IMPLICIT_RETAIN_SELF = YES;
				CLANG_WARN_OBJC_LITERAL_CONVERSION = YES;
				CLANG_WARN_OBJC_ROOT_CLASS = YES_ERROR;
				CLANG_WARN_QUOTED_INCLUDE_IN_FRAMEWORK_HEADER = YES;
				CLANG_WARN_RANGE_LOOP_ANALYSIS = YES;
				CLANG_WARN_STRICT_PROTOTYPES = YES;
				CLANG_WARN_SUSPICIOUS_MOVE = YES;
				CLANG_WARN_UNGUARDED_AVAILABILITY = YES_AGGRESSIVE;
				CLANG_WARN_UNREACHABLE_CODE = YES;
				CLANG_WARN__DUPLICATE_METHOD_MATCH = YES;
				COPY_PHASE_STRIP = NO;
				DEBUG_INFORMATION_FORMAT = dwarf;
				ENABLE_STRICT_OBJC_MSGSEND = YES;
				ENABLE_TESTABILITY = YES;
				GCC_C_LANGUAGE_STANDARD = gnu11;
				GCC_DYNAMIC_NO_PIC = NO;
				GCC_NO_COMMON_BLOCKS = YES;
				GCC_OPTIMIZATION_LEVEL = 0;
				GCC_PREPROCESSOR_DEFINITIONS = (
					"DEBUG=1",
					"$(inherited)",
				);
				GCC_WARN_64_TO_32_BIT_CONVERSION = YES;
				GCC_WARN_ABOUT_RETURN_TYPE = YES_ERROR;
				GCC_WARN_UNDECLARED_SELECTOR = YES;
				GCC_WARN_UNINITIALIZED_AUTOS = YES_AGGRESSIVE;
				GCC_WARN_UNUSED_FUNCTION = YES;
				GCC_WARN_UNUSED_VARIABLE = YES;
				IPHONEOS_DEPLOYMENT_TARGET = 15.0;
				MTL_ENABLE_DEBUG_INFO = INCLUDE_SOURCE;
				MTL_FAST_MATH = YES;
				ONLY_ACTIVE_ARCH = YES;
				SDKROOT = iphoneos;
				SWIFT_ACTIVE_COMPILATION_CONDITIONS = DEBUG;
				SWIFT_OPTIMIZATION_LEVEL = "-Onone";
			};
			name = Debug;
		};
		5D7D4FDA272F3E0C006C436E /* Release */ = {
			isa = XCBuildConfiguration;
			buildSettings = {
				ALWAYS_SEARCH_USER_PATHS = NO;
				CLANG_ANALYZER_NONNULL = YES;
				CLANG_ANALYZER_NUMBER_OBJECT_CONVERSION = YES_AGGRESSIVE;
				CLANG_CXX_LANGUAGE_STANDARD = "gnu++17";
				CLANG_CXX_LIBRARY = "libc++";
				CLANG_ENABLE_MODULES = YES;
				CLANG_ENABLE_OBJC_ARC = YES;
				CLANG_ENABLE_OBJC_WEAK = YES;
				CLANG_WARN_BLOCK_CAPTURE_AUTORELEASING = YES;
				CLANG_WARN_BOOL_CONVERSION = YES;
				CLANG_WARN_COMMA = YES;
				CLANG_WARN_CONSTANT_CONVERSION = YES;
				CLANG_WARN_DEPRECATED_OBJC_IMPLEMENTATIONS = YES;
				CLANG_WARN_DIRECT_OBJC_ISA_USAGE = YES_ERROR;
				CLANG_WARN_DOCUMENTATION_COMMENTS = YES;
				CLANG_WARN_EMPTY_BODY = YES;
				CLANG_WARN_ENUM_CONVERSION = YES;
				CLANG_WARN_INFINITE_RECURSION = YES;
				CLANG_WARN_INT_CONVERSION = YES;
				CLANG_WARN_NON_LITERAL_NULL_CONVERSION = YES;
				CLANG_WARN_OBJC_IMPLICIT_RETAIN_SELF = YES;
				CLANG_WARN_OBJC_LITERAL_CONVERSION = YES;
				CLANG_WARN_OBJC_ROOT_CLASS = YES_ERROR;
				CLANG_WARN_QUOTED_INCLUDE_IN_FRAMEWORK_HEADER = YES;
				CLANG_WARN_RANGE_LOOP_ANALYSIS = YES;
				CLANG_WARN_STRICT_PROTOTYPES = YES;
				CLANG_WARN_SUSPICIOUS_MOVE = YES;
				CLANG_WARN_UNGUARDED_AVAILABILITY = YES_AGGRESSIVE;
				CLANG_WARN_UNREACHABLE_CODE = YES;
				CLANG_WARN__DUPLICATE_METHOD_MATCH = YES;
				COPY_PHASE_STRIP = NO;
				DEBUG_INFORMATION_FORMAT = "dwarf-with-dsym";
				ENABLE_NS_ASSERTIONS = NO;
				ENABLE_STRICT_OBJC_MSGSEND = YES;
				GCC_C_LANGUAGE_STANDARD = gnu11;
				GCC_NO_COMMON_BLOCKS = YES;
				GCC_WARN_64_TO_32_BIT_CONVERSION = YES;
				GCC_WARN_ABOUT_RETURN_TYPE = YES_ERROR;
				GCC_WARN_UNDECLARED_SELECTOR = YES;
				GCC_WARN_UNINITIALIZED_AUTOS = YES_AGGRESSIVE;
				GCC_WARN_UNUSED_FUNCTION = YES;
				GCC_WARN_UNUSED_VARIABLE = YES;
				IPHONEOS_DEPLOYMENT_TARGET = 15.0;
				MTL_ENABLE_DEBUG_INFO = NO;
				MTL_FAST_MATH = YES;
				SDKROOT = iphoneos;
				SWIFT_COMPILATION_MODE = wholemodule;
				SWIFT_OPTIMIZATION_LEVEL = "-O";
				VALIDATE_PRODUCT = YES;
			};
			name = Release;
		};
		5D7D4FDC272F3E0C006C436E /* Debug */ = {
			isa = XCBuildConfiguration;
			buildSettings = {
				ASSETCATALOG_COMPILER_APPICON_NAME = AppIcon;
				ASSETCATALOG_COMPILER_GLOBAL_ACCENT_COLOR_NAME = AccentColor;
				CODE_SIGN_STYLE = Automatic;
				CURRENT_PROJECT_VERSION = 1;
				DEVELOPMENT_ASSET_PATHS = "\"JigglyPuffApp/Preview Content\"";
				DEVELOPMENT_TEAM = 39ZRTLY4D9;
				ENABLE_PREVIEWS = YES;
				GENERATE_INFOPLIST_FILE = YES;
				INFOPLIST_KEY_UIApplicationSceneManifest_Generation = YES;
				INFOPLIST_KEY_UIApplicationSupportsIndirectInputEvents = YES;
				INFOPLIST_KEY_UILaunchScreen_Generation = YES;
				INFOPLIST_KEY_UISupportedInterfaceOrientations_iPad = "UIInterfaceOrientationPortrait UIInterfaceOrientationPortraitUpsideDown UIInterfaceOrientationLandscapeLeft UIInterfaceOrientationLandscapeRight";
				INFOPLIST_KEY_UISupportedInterfaceOrientations_iPhone = "UIInterfaceOrientationPortrait UIInterfaceOrientationLandscapeLeft UIInterfaceOrientationLandscapeRight";
				LD_RUNPATH_SEARCH_PATHS = (
					"$(inherited)",
					"@executable_path/Frameworks",
				);
				MARKETING_VERSION = 1.0;
				PRODUCT_BUNDLE_IDENTIFIER = None.JigglyPuffApp;
				PRODUCT_NAME = "$(TARGET_NAME)";
				SWIFT_EMIT_LOC_STRINGS = YES;
				SWIFT_VERSION = 5.0;
				TARGETED_DEVICE_FAMILY = "1,2";
			};
			name = Debug;
		};
		5D7D4FDD272F3E0C006C436E /* Release */ = {
			isa = XCBuildConfiguration;
			buildSettings = {
				ASSETCATALOG_COMPILER_APPICON_NAME = AppIcon;
				ASSETCATALOG_COMPILER_GLOBAL_ACCENT_COLOR_NAME = AccentColor;
				CODE_SIGN_STYLE = Automatic;
				CURRENT_PROJECT_VERSION = 1;
				DEVELOPMENT_ASSET_PATHS = "\"JigglyPuffApp/Preview Content\"";
				DEVELOPMENT_TEAM = 39ZRTLY4D9;
				ENABLE_PREVIEWS = YES;
				GENERATE_INFOPLIST_FILE = YES;
				INFOPLIST_KEY_UIApplicationSceneManifest_Generation = YES;
				INFOPLIST_KEY_UIApplicationSupportsIndirectInputEvents = YES;
				INFOPLIST_KEY_UILaunchScreen_Generation = YES;
				INFOPLIST_KEY_UISupportedInterfaceOrientations_iPad = "UIInterfaceOrientationPortrait UIInterfaceOrientationPortraitUpsideDown UIInterfaceOrientationLandscapeLeft UIInterfaceOrientationLandscapeRight";
				INFOPLIST_KEY_UISupportedInterfaceOrientations_iPhone = "UIInterfaceOrientationPortrait UIInterfaceOrientationLandscapeLeft UIInterfaceOrientationLandscapeRight";
				LD_RUNPATH_SEARCH_PATHS = (
					"$(inherited)",
					"@executable_path/Frameworks",
				);
				MARKETING_VERSION = 1.0;
				PRODUCT_BUNDLE_IDENTIFIER = None.JigglyPuffApp;
				PRODUCT_NAME = "$(TARGET_NAME)";
				SWIFT_EMIT_LOC_STRINGS = YES;
				SWIFT_VERSION = 5.0;
				TARGETED_DEVICE_FAMILY = "1,2";
			};
			name = Release;
		};
/* End XCBuildConfiguration section */

/* Begin XCConfigurationList section */
		5D7D4FC8272F3E0A006C436E /* Build configuration list for PBXProject "JigglyPuffApp" */ = {
			isa = XCConfigurationList;
			buildConfigurations = (
				5D7D4FD9272F3E0C006C436E /* Debug */,
				5D7D4FDA272F3E0C006C436E /* Release */,
			);
			defaultConfigurationIsVisible = 0;
			defaultConfigurationName = Release;
		};
		5D7D4FDB272F3E0C006C436E /* Build configuration list for PBXNativeTarget "JigglyPuffApp" */ = {
			isa = XCConfigurationList;
			buildConfigurations = (
				5D7D4FDC272F3E0C006C436E /* Debug */,
				5D7D4FDD272F3E0C006C436E /* Release */,
			);
			defaultConfigurationIsVisible = 0;
			defaultConfigurationName = Release;
		};
/* End XCConfigurationList section */
	};
	rootObject = 5D7D4FC5272F3E0A006C436E /* Project object */;
}
